
Microsoft Visual Studio Solution File, Format Version 12.00
# Visual Studio Version 17
VisualStudioVersion = 17.2.32602.215
MinimumVisualStudioVersion = 10.0.40219.1
Project("{FAE04EC0-301F-11D3-BF4B-00C04F79EFBC}") = "AskMe", "AskMe\AskMe.csproj", "{2F1092AB-A832-4316-A08E-1BEC40803DFD}"
EndProject
Global
	GlobalSection(SolutionConfigurationPlatforms) = preSolution
		Debug|Any CPU = Debug|Any CPU
		Release|Any CPU = Release|Any CPU
	EndGlobalSection
	GlobalSection(ProjectConfigurationPlatforms) = postSolution
		{2F1092AB-A832-4316-A08E-1BEC40803DFD}.Debug|Any CPU.ActiveCfg = Debug|Any CPU
		{2F1092AB-A832-4316-A08E-1BEC40803DFD}.Debug|Any CPU.Build.0 = Debug|Any CPU
		{2F1092AB-A832-4316-A08E-1BEC40803DFD}.Release|Any CPU.ActiveCfg = Release|Any CPU
		{2F1092AB-A832-4316-A08E-1BEC40803DFD}.Release|Any CPU.Build.0 = Release|Any CPU
	EndGlobalSection
	GlobalSection(SolutionProperties) = preSolution
		HideSolutionNode = FALSE
	EndGlobalSection
	GlobalSection(ExtensibilityGlobals) = postSolution
		SolutionGuid = {B8773032-EF92-4023-83E2-16B1FCBAFD93}
	EndGlobalSection
EndGlobal
